// !$*UTF8*$!
{
	archiveVersion = 1;
	classes = {
	};
	objectVersion = 48;
	objects = {

/* Begin PBXBuildFile section */
		637AE4F822F19C40004D0D8A /* DataModel.xcdatamodeld in Sources */ = {isa = PBXBuildFile; fileRef = 637AE4F622F19C40004D0D8A /* DataModel.xcdatamodeld */; };
		63907BDD22F5A71B00AA8DCC /* CategoryViewController.swift in Sources */ = {isa = PBXBuildFile; fileRef = 63907BDC22F5A71B00AA8DCC /* CategoryViewController.swift */; };
		63A04AA722E3729F000736CF /* AppDelegate.swift in Sources */ = {isa = PBXBuildFile; fileRef = 63A04AA622E3729F000736CF /* AppDelegate.swift */; };
		63A04AA922E3729F000736CF /* TodoListViewController.swift in Sources */ = {isa = PBXBuildFile; fileRef = 63A04AA822E3729F000736CF /* TodoListViewController.swift */; };
		63A04AAC22E3729F000736CF /* Main.storyboard in Resources */ = {isa = PBXBuildFile; fileRef = 63A04AAA22E3729F000736CF /* Main.storyboard */; };
		63A04AAE22E3729F000736CF /* Assets.xcassets in Resources */ = {isa = PBXBuildFile; fileRef = 63A04AAD22E3729F000736CF /* Assets.xcassets */; };
		63A04AB122E3729F000736CF /* LaunchScreen.storyboard in Resources */ = {isa = PBXBuildFile; fileRef = 63A04AAF22E3729F000736CF /* LaunchScreen.storyboard */; };
/* End PBXBuildFile section */

/* Begin PBXFileReference section */
		637AE4F722F19C40004D0D8A /* DataModel.xcdatamodel */ = {isa = PBXFileReference; lastKnownFileType = wrapper.xcdatamodel; path = DataModel.xcdatamodel; sourceTree = "<group>"; };
		63907BDC22F5A71B00AA8DCC /* CategoryViewController.swift */ = {isa = PBXFileReference; lastKnownFileType = sourcecode.swift; path = CategoryViewController.swift; sourceTree = "<group>"; };
		63A04AA322E3729E000736CF /* toDoey.app */ = {isa = PBXFileReference; explicitFileType = wrapper.application; includeInIndex = 0; path = toDoey.app; sourceTree = BUILT_PRODUCTS_DIR; };
		63A04AA622E3729F000736CF /* AppDelegate.swift */ = {isa = PBXFileReference; lastKnownFileType = sourcecode.swift; path = AppDelegate.swift; sourceTree = "<group>"; };
		63A04AA822E3729F000736CF /* TodoListViewController.swift */ = {isa = PBXFileReference; lastKnownFileType = sourcecode.swift; path = TodoListViewController.swift; sourceTree = "<group>"; };
		63A04AAB22E3729F000736CF /* Base */ = {isa = PBXFileReference; lastKnownFileType = file.storyboard; name = Base; path = Base.lproj/Main.storyboard; sourceTree = "<group>"; };
		63A04AAD22E3729F000736CF /* Assets.xcassets */ = {isa = PBXFileReference; lastKnownFileType = folder.assetcatalog; path = Assets.xcassets; sourceTree = "<group>"; };
		63A04AB022E3729F000736CF /* Base */ = {isa = PBXFileReference; lastKnownFileType = file.storyboard; name = Base; path = Base.lproj/LaunchScreen.storyboard; sourceTree = "<group>"; };
		63A04AB222E3729F000736CF /* Info.plist */ = {isa = PBXFileReference; lastKnownFileType = text.plist.xml; path = Info.plist; sourceTree = "<group>"; };
/* End PBXFileReference section */

/* Begin PBXFrameworksBuildPhase section */
		63A04AA022E3729E000736CF /* Frameworks */ = {
			isa = PBXFrameworksBuildPhase;
			buildActionMask = 2147483647;
			files = (
			);
			runOnlyForDeploymentPostprocessing = 0;
		};
/* End PBXFrameworksBuildPhase section */

/* Begin PBXGroup section */
		637BAE9322E9CCE700650347 /* Data Model */ = {
			isa = PBXGroup;
			children = (
				637AE4F622F19C40004D0D8A /* DataModel.xcdatamodeld */,
			);
			path = "Data Model";
			sourceTree = "<group>";
		};
		637BAE9422E9CCFD00650347 /* Controller */ = {
			isa = PBXGroup;
			children = (
				63907BDC22F5A71B00AA8DCC /* CategoryViewController.swift */,
				63A04AA822E3729F000736CF /* TodoListViewController.swift */,
			);
			path = Controller;
			sourceTree = "<group>";
		};
		637BAE9522E9CD1400650347 /* View */ = {
			isa = PBXGroup;
			children = (
				63A04AAA22E3729F000736CF /* Main.storyboard */,
			);
			path = View;
			sourceTree = "<group>";
		};
		637BAE9622E9CD3F00650347 /* Supporting Files */ = {
			isa = PBXGroup;
			children = (
				63A04AAD22E3729F000736CF /* Assets.xcassets */,
				63A04AAF22E3729F000736CF /* LaunchScreen.storyboard */,
			);
			path = "Supporting Files";
			sourceTree = "<group>";
		};
		63A04A9A22E3729E000736CF = {
			isa = PBXGroup;
			children = (
				63A04AA522E3729E000736CF /* toDoey */,
				63A04AA422E3729E000736CF /* Products */,
			);
			sourceTree = "<group>";
		};
		63A04AA422E3729E000736CF /* Products */ = {
			isa = PBXGroup;
			children = (
				63A04AA322E3729E000736CF /* toDoey.app */,
			);
			name = Products;
			sourceTree = "<group>";
		};
		63A04AA522E3729E000736CF /* toDoey */ = {
			isa = PBXGroup;
			children = (
				63A04AA622E3729F000736CF /* AppDelegate.swift */,
				637BAE9422E9CCFD00650347 /* Controller */,
				637BAE9322E9CCE700650347 /* Data Model */,
				637BAE9522E9CD1400650347 /* View */,
				637BAE9622E9CD3F00650347 /* Supporting Files */,
				63A04AB222E3729F000736CF /* Info.plist */,
			);
			path = toDoey;
			sourceTree = "<group>";
		};
/* End PBXGroup section */

/* Begin PBXNativeTarget section */
		63A04AA222E3729E000736CF /* toDoey */ = {
			isa = PBXNativeTarget;
			buildConfigurationList = 63A04AB522E3729F000736CF /* Build configuration list for PBXNativeTarget "toDoey" */;
			buildPhases = (
				63A04A9F22E3729E000736CF /* Sources */,
				63A04AA022E3729E000736CF /* Frameworks */,
				63A04AA122E3729E000736CF /* Resources */,
			);
			buildRules = (
			);
			dependencies = (
			);
			name = toDoey;
			productName = toDoey;
			productReference = 63A04AA322E3729E000736CF /* toDoey.app */;
			productType = "com.apple.product-type.application";
		};
/* End PBXNativeTarget section */

/* Begin PBXProject section */
		63A04A9B22E3729E000736CF /* Project object */ = {
			isa = PBXProject;
			attributes = {
				LastSwiftUpdateCheck = 0910;
				LastUpgradeCheck = 1000;
				ORGANIZATIONNAME = shehab;
				TargetAttributes = {
					63A04AA222E3729E000736CF = {
						CreatedOnToolsVersion = 9.1;
						ProvisioningStyle = Automatic;
					};
				};
			};
			buildConfigurationList = 63A04A9E22E3729E000736CF /* Build configuration list for PBXProject "toDoey" */;
			compatibilityVersion = "Xcode 8.0";
			developmentRegion = en;
			hasScannedForEncodings = 0;
			knownRegions = (
				en,
				Base,
			);
			mainGroup = 63A04A9A22E3729E000736CF;
			productRefGroup = 63A04AA422E3729E000736CF /* Products */;
			projectDirPath = "";
			projectRoot = "";
			targets = (
				63A04AA222E3729E000736CF /* toDoey */,
			);
		};
/* End PBXProject section */

/* Begin PBXResourcesBuildPhase section */
		63A04AA122E3729E000736CF /* Resources */ = {
			isa = PBXResourcesBuildPhase;
			buildActionMask = 2147483647;
			files = (
				63A04AB122E3729F000736CF /* LaunchScreen.storyboard in Resources */,
				63A04AAE22E3729F000736CF /* Assets.xcassets in Resources */,
				63A04AAC22E3729F000736CF /* Main.storyboard in Resources */,
			);
			runOnlyForDeploymentPostprocessing = 0;
		};
/* End PBXResourcesBuildPhase section */

/* Begin PBXSourcesBuildPhase section */
		63A04A9F22E3729E000736CF /* Sources */ = {
			isa = PBXSourcesBuildPhase;
			buildActionMask = 2147483647;
			files = (
				63907BDD22F5A71B00AA8DCC /* CategoryViewController.swift in Sources */,
				63A04AA922E3729F000736CF /* TodoListViewController.swift in Sources */,
				637AE4F822F19C40004D0D8A /* DataModel.xcdatamodeld in Sources */,
				63A04AA722E3729F000736CF /* AppDelegate.swift in Sources */,
			);
			runOnlyForDeploymentPostprocessing = 0;
		};
/* End PBXSourcesBuildPhase section */

/* Begin PBXVariantGroup section */
		63A04AAA22E3729F000736CF /* Main.storyboard */ = {
			isa = PBXVariantGroup;
			children = (
				63A04AAB22E3729F000736CF /* Base */,
			);
			name = Main.storyboard;
			sourceTree = "<group>";
		};
		63A04AAF22E3729F000736CF /* LaunchScreen.storyboard */ = {
			isa = PBXVariantGroup;
			children = (
				63A04AB022E3729F000736CF /* Base */,
			);
			name = LaunchScreen.storyboard;
			sourceTree = "<group>";
		};
/* End PBXVariantGroup section */

/* Begin XCBuildConfiguration section */
		63A04AB322E3729F000736CF /* Debug */ = {
			isa = XCBuildConfiguration;
			buildSettings = {
				ALWAYS_SEARCH_USER_PATHS = NO;
				CLANG_ANALYZER_NONNULL = YES;
				CLANG_ANALYZER_NUMBER_OBJECT_CONVERSION = YES_AGGRESSIVE;
				CLANG_CXX_LANGUAGE_STANDARD = "gnu++14";
				CLANG_CXX_LIBRARY = "libc++";
				CLANG_ENABLE_MODULES = YES;
				CLANG_ENABLE_OBJC_ARC = YES;
				CLANG_WARN_BLOCK_CAPTURE_AUTORELEASING = YES;
				CLANG_WARN_BOOL_CONVERSION = YES;
				CLANG_WARN_COMMA = YES;
				CLANG_WARN_CONSTANT_CONVERSION = YES;
				CLANG_WARN_DEPRECATED_OBJC_IMPLEMENTATIONS = YES;
				CLANG_WARN_DIRECT_OBJC_ISA_USAGE = YES_ERROR;
				CLANG_WARN_DOCUMENTATION_COMMENTS = YES;
				CLANG_WARN_EMPTY_BODY = YES;
				CLANG_WARN_ENUM_CONVERSION = YES;
				CLANG_WARN_INFINITE_RECURSION = YES;
				CLANG_WARN_INT_CONVERSION = YES;
				CLANG_WARN_NON_LITERAL_NULL_CONVERSION = YES;
				CLANG_WARN_OBJC_IMPLICIT_RETAIN_SELF = YES;
				CLANG_WARN_OBJC_LITERAL_CONVERSION = YES;
				CLANG_WARN_OBJC_ROOT_CLASS = YES_ERROR;
				CLANG_WARN_RANGE_LOOP_ANALYSIS = YES;
				CLANG_WARN_STRICT_PROTOTYPES = YES;
				CLANG_WARN_SUSPICIOUS_MOVE = YES;
				CLANG_WARN_UNGUARDED_AVAILABILITY = YES_AGGRESSIVE;
				CLANG_WARN_UNREACHABLE_CODE = YES;
				CLANG_WARN__DUPLICATE_METHOD_MATCH = YES;
				CODE_SIGN_IDENTITY = "iPhone Developer";
				COPY_PHASE_STRIP = NO;
				DEBUG_INFORMATION_FORMAT = dwarf;
				ENABLE_STRICT_OBJC_MSGSEND = YES;
				ENABLE_TESTABILITY = YES;
				GCC_C_LANGUAGE_STANDARD = gnu11;
				GCC_DYNAMIC_NO_PIC = NO;
				GCC_NO_COMMON_BLOCKS = YES;
				GCC_OPTIMIZATION_LEVEL = 0;
				GCC_PREPROCESSOR_DEFINITIONS = (
					"DEBUG=1",
					"$(inherited)",
				);
				GCC_WARN_64_TO_32_BIT_CONVERSION = YES;
				GCC_WARN_ABOUT_RETURN_TYPE = YES_ERROR;
				GCC_WARN_UNDECLARED_SELECTOR = YES;
				GCC_WARN_UNINITIALIZED_AUTOS = YES_AGGRESSIVE;
				GCC_WARN_UNUSED_FUNCTION = YES;
				GCC_WARN_UNUSED_VARIABLE = YES;
				IPHONEOS_DEPLOYMENT_TARGET = 11.1;
				MTL_ENABLE_DEBUG_INFO = YES;
				ONLY_ACTIVE_ARCH = YES;
				SDKROOT = iphoneos;
				SWIFT_ACTIVE_COMPILATION_CONDITIONS = DEBUG;
				SWIFT_OPTIMIZATION_LEVEL = "-Onone";
			};
			name = Debug;
		};
		63A04AB422E3729F000736CF /* Release */ = {
			isa = XCBuildConfiguration;
			buildSettings = {
				ALWAYS_SEARCH_USER_PATHS = NO;
				CLANG_ANALYZER_NONNULL = YES;
				CLANG_ANALYZER_NUMBER_OBJECT_CONVERSION = YES_AGGRESSIVE;
				CLANG_CXX_LANGUAGE_STANDARD = "gnu++14";
				CLANG_CXX_LIBRARY = "libc++";
				CLANG_ENABLE_MODULES = YES;
				CLANG_ENABLE_OBJC_ARC = YES;
				CLANG_WARN_BLOCK_CAPTURE_AUTORELEASING = YES;
				CLANG_WARN_BOOL_CONVERSION = YES;
				CLANG_WARN_COMMA = YES;
				CLANG_WARN_CONSTANT_CONVERSION = YES;
				CLANG_WARN_DEPRECATED_OBJC_IMPLEMENTATIONS = YES;
				CLANG_WARN_DIRECT_OBJC_ISA_USAGE = YES_ERROR;
				CLANG_WARN_DOCUMENTATION_COMMENTS = YES;
				CLANG_WARN_EMPTY_BODY = YES;
				CLANG_WARN_ENUM_CONVERSION = YES;
				CLANG_WARN_INFINITE_RECURSION = YES;
				CLANG_WARN_INT_CONVERSION = YES;
				CLANG_WARN_NON_LITERAL_NULL_CONVERSION = YES;
				CLANG_WARN_OBJC_IMPLICIT_RETAIN_SELF = YES;
				CLANG_WARN_OBJC_LITERAL_CONVERSION = YES;
				CLANG_WARN_OBJC_ROOT_CLASS = YES_ERROR;
				CLANG_WARN_RANGE_LOOP_ANALYSIS = YES;
				CLANG_WARN_STRICT_PROTOTYPES = YES;
				CLANG_WARN_SUSPICIOUS_MOVE = YES;
				CLANG_WARN_UNGUARDED_AVAILABILITY = YES_AGGRESSIVE;
				CLANG_WARN_UNREACHABLE_CODE = YES;
				CLANG_WARN__DUPLICATE_METHOD_MATCH = YES;
				CODE_SIGN_IDENTITY = "iPhone Developer";
				COPY_PHASE_STRIP = NO;
				DEBUG_INFORMATION_FORMAT = "dwarf-with-dsym";
				ENABLE_NS_ASSERTIONS = NO;
				ENABLE_STRICT_OBJC_MSGSEND = YES;
				GCC_C_LANGUAGE_STANDARD = gnu11;
				GCC_NO_COMMON_BLOCKS = YES;
				GCC_WARN_64_TO_32_BIT_CONVERSION = YES;
				GCC_WARN_ABOUT_RETURN_TYPE = YES_ERROR;
				GCC_WARN_UNDECLARED_SELECTOR = YES;
				GCC_WARN_UNINITIALIZED_AUTOS = YES_AGGRESSIVE;
				GCC_WARN_UNUSED_FUNCTION = YES;
				GCC_WARN_UNUSED_VARIABLE = YES;
				IPHONEOS_DEPLOYMENT_TARGET = 11.1;
				MTL_ENABLE_DEBUG_INFO = NO;
				SDKROOT = iphoneos;
				SWIFT_OPTIMIZATION_LEVEL = "-Owholemodule";
				VALIDATE_PRODUCT = YES;
			};
			name = Release;
		};
		63A04AB622E3729F000736CF /* Debug */ = {
			isa = XCBuildConfiguration;
			buildSettings = {
				ASSETCATALOG_COMPILER_APPICON_NAME = AppIcon;
				CODE_SIGN_STYLE = Automatic;
				INFOPLIST_FILE = toDoey/Info.plist;
				LD_RUNPATH_SEARCH_PATHS = "$(inherited) @executable_path/Frameworks";
				PRODUCT_BUNDLE_IDENTIFIER = com.shehab.toDoey;
				PRODUCT_NAME = "$(TARGET_NAME)";
				SWIFT_VERSION = 4.0;
				TARGETED_DEVICE_FAMILY = "1,2";
			};
			name = Debug;
		};
		63A04AB722E3729F000736CF /* Release */ = {
			isa = XCBuildConfiguration;
			buildSettings = {
				ASSETCATALOG_COMPILER_APPICON_NAME = AppIcon;
				CODE_SIGN_STYLE = Automatic;
				INFOPLIST_FILE = toDoey/Info.plist;
				LD_RUNPATH_SEARCH_PATHS = "$(inherited) @executable_path/Frameworks";
				PRODUCT_BUNDLE_IDENTIFIER = com.shehab.toDoey;
				PRODUCT_NAME = "$(TARGET_NAME)";
				SWIFT_VERSION = 4.0;
				TARGETED_DEVICE_FAMILY = "1,2";
			};
			name = Release;
		};
/* End XCBuildConfiguration section */

/* Begin XCConfigurationList section */
		63A04A9E22E3729E000736CF /* Build configuration list for PBXProject "toDoey" */ = {
			isa = XCConfigurationList;
			buildConfigurations = (
				63A04AB322E3729F000736CF /* Debug */,
				63A04AB422E3729F000736CF /* Release */,
			);
			defaultConfigurationIsVisible = 0;
			defaultConfigurationName = Release;
		};
		63A04AB522E3729F000736CF /* Build configuration list for PBXNativeTarget "toDoey" */ = {
			isa = XCConfigurationList;
			buildConfigurations = (
				63A04AB622E3729F000736CF /* Debug */,
				63A04AB722E3729F000736CF /* Release */,
			);
			defaultConfigurationIsVisible = 0;
			defaultConfigurationName = Release;
		};
/* End XCConfigurationList section */

/* Begin XCVersionGroup section */
		637AE4F622F19C40004D0D8A /* DataModel.xcdatamodeld */ = {
			isa = XCVersionGroup;
			children = (
				637AE4F722F19C40004D0D8A /* DataModel.xcdatamodel */,
			);
			currentVersion = 637AE4F722F19C40004D0D8A /* DataModel.xcdatamodel */;
			path = DataModel.xcdatamodeld;
			sourceTree = "<group>";
			versionGroupType = wrapper.xcdatamodel;
		};
/* End XCVersionGroup section */
	};
	rootObject = 63A04A9B22E3729E000736CF /* Project object */;
}
